// !$*UTF8*$!
{
	archiveVersion = 1;
	classes = {
	};
	objectVersion = 50;
	objects = {

/* Begin PBXBuildFile section */
		C11499132587DE5300409BF4 /* AppDelegate.swift in Sources */ = {isa = PBXBuildFile; fileRef = C11499122587DE5300409BF4 /* AppDelegate.swift */; };
		C11499152587DE5300409BF4 /* SceneDelegate.swift in Sources */ = {isa = PBXBuildFile; fileRef = C11499142587DE5300409BF4 /* SceneDelegate.swift */; };
		C11499172587DE5300409BF4 /* FiltersView.swift in Sources */ = {isa = PBXBuildFile; fileRef = C11499162587DE5300409BF4 /* FiltersView.swift */; };
		C11499192587DE5900409BF4 /* Assets.xcassets in Resources */ = {isa = PBXBuildFile; fileRef = C11499182587DE5900409BF4 /* Assets.xcassets */; };
		C114991C2587DE5900409BF4 /* Preview Assets.xcassets in Resources */ = {isa = PBXBuildFile; fileRef = C114991B2587DE5900409BF4 /* Preview Assets.xcassets */; };
		C114991F2587DE5900409BF4 /* LaunchScreen.storyboard in Resources */ = {isa = PBXBuildFile; fileRef = C114991D2587DE5900409BF4 /* LaunchScreen.storyboard */; };
		C13EEF882588D96300362CD1 /* SliderSettings.swift in Sources */ = {isa = PBXBuildFile; fileRef = C13EEF872588D96300362CD1 /* SliderSettings.swift */; };
		C170BA422587FE38003A44C6 /* RangeSlider.swift in Sources */ = {isa = PBXBuildFile; fileRef = C170BA412587FE38003A44C6 /* RangeSlider.swift */; };
		C170BA4425880F72003A44C6 /* SliderCircle.swift in Sources */ = {isa = PBXBuildFile; fileRef = C170BA4325880F72003A44C6 /* SliderCircle.swift */; };
		C1BA14A22588BEF500B0A226 /* CircleWithLabel.swift in Sources */ = {isa = PBXBuildFile; fileRef = C1BA14A12588BEF500B0A226 /* CircleWithLabel.swift */; };
		C1BA14A42588C5EB00B0A226 /* SliderLine.swift in Sources */ = {isa = PBXBuildFile; fileRef = C1BA14A32588C5EB00B0A226 /* SliderLine.swift */; };
/* End PBXBuildFile section */

/* Begin PBXFileReference section */
		C114990F2587DE5300409BF4 /* IceTask.app */ = {isa = PBXFileReference; explicitFileType = wrapper.application; includeInIndex = 0; path = IceTask.app; sourceTree = BUILT_PRODUCTS_DIR; };
		C11499122587DE5300409BF4 /* AppDelegate.swift */ = {isa = PBXFileReference; lastKnownFileType = sourcecode.swift; path = AppDelegate.swift; sourceTree = "<group>"; };
		C11499142587DE5300409BF4 /* SceneDelegate.swift */ = {isa = PBXFileReference; lastKnownFileType = sourcecode.swift; path = SceneDelegate.swift; sourceTree = "<group>"; };
		C11499162587DE5300409BF4 /* FiltersView.swift */ = {isa = PBXFileReference; lastKnownFileType = sourcecode.swift; path = FiltersView.swift; sourceTree = "<group>"; };
		C11499182587DE5900409BF4 /* Assets.xcassets */ = {isa = PBXFileReference; lastKnownFileType = folder.assetcatalog; path = Assets.xcassets; sourceTree = "<group>"; };
		C114991B2587DE5900409BF4 /* Preview Assets.xcassets */ = {isa = PBXFileReference; lastKnownFileType = folder.assetcatalog; path = "Preview Assets.xcassets"; sourceTree = "<group>"; };
		C114991E2587DE5900409BF4 /* Base */ = {isa = PBXFileReference; lastKnownFileType = file.storyboard; name = Base; path = Base.lproj/LaunchScreen.storyboard; sourceTree = "<group>"; };
		C11499202587DE5900409BF4 /* Info.plist */ = {isa = PBXFileReference; lastKnownFileType = text.plist.xml; path = Info.plist; sourceTree = "<group>"; };
		C13EEF872588D96300362CD1 /* SliderSettings.swift */ = {isa = PBXFileReference; lastKnownFileType = sourcecode.swift; path = SliderSettings.swift; sourceTree = "<group>"; };
		C170BA412587FE38003A44C6 /* RangeSlider.swift */ = {isa = PBXFileReference; lastKnownFileType = sourcecode.swift; path = RangeSlider.swift; sourceTree = "<group>"; };
		C170BA4325880F72003A44C6 /* SliderCircle.swift */ = {isa = PBXFileReference; lastKnownFileType = sourcecode.swift; path = SliderCircle.swift; sourceTree = "<group>"; };
		C1BA14A12588BEF500B0A226 /* CircleWithLabel.swift */ = {isa = PBXFileReference; lastKnownFileType = sourcecode.swift; path = CircleWithLabel.swift; sourceTree = "<group>"; };
		C1BA14A32588C5EB00B0A226 /* SliderLine.swift */ = {isa = PBXFileReference; lastKnownFileType = sourcecode.swift; path = SliderLine.swift; sourceTree = "<group>"; };
/* End PBXFileReference section */

/* Begin PBXFrameworksBuildPhase section */
		C114990C2587DE5300409BF4 /* Frameworks */ = {
			isa = PBXFrameworksBuildPhase;
			buildActionMask = 2147483647;
			files = (
			);
			runOnlyForDeploymentPostprocessing = 0;
		};
/* End PBXFrameworksBuildPhase section */

/* Begin PBXGroup section */
		C11499062587DE5300409BF4 = {
			isa = PBXGroup;
			children = (
				C11499112587DE5300409BF4 /* IceTask */,
				C11499102587DE5300409BF4 /* Products */,
			);
			sourceTree = "<group>";
		};
		C11499102587DE5300409BF4 /* Products */ = {
			isa = PBXGroup;
			children = (
				C114990F2587DE5300409BF4 /* IceTask.app */,
			);
			name = Products;
			sourceTree = "<group>";
		};
		C11499112587DE5300409BF4 /* IceTask */ = {
			isa = PBXGroup;
			children = (
				C11499122587DE5300409BF4 /* AppDelegate.swift */,
				C11499142587DE5300409BF4 /* SceneDelegate.swift */,
				C11499162587DE5300409BF4 /* FiltersView.swift */,
				C11499182587DE5900409BF4 /* Assets.xcassets */,
				C114991D2587DE5900409BF4 /* LaunchScreen.storyboard */,
				C11499202587DE5900409BF4 /* Info.plist */,
				C114991A2587DE5900409BF4 /* Preview Content */,
				C170BA412587FE38003A44C6 /* RangeSlider.swift */,
				C170BA4325880F72003A44C6 /* SliderCircle.swift */,
				C1BA14A12588BEF500B0A226 /* CircleWithLabel.swift */,
				C1BA14A32588C5EB00B0A226 /* SliderLine.swift */,
				C13EEF872588D96300362CD1 /* SliderSettings.swift */,
			);
			path = IceTask;
			sourceTree = "<group>";
		};
		C114991A2587DE5900409BF4 /* Preview Content */ = {
			isa = PBXGroup;
			children = (
				C114991B2587DE5900409BF4 /* Preview Assets.xcassets */,
			);
			path = "Preview Content";
			sourceTree = "<group>";
		};
/* End PBXGroup section */

/* Begin PBXNativeTarget section */
		C114990E2587DE5300409BF4 /* IceTask */ = {
			isa = PBXNativeTarget;
			buildConfigurationList = C11499232587DE5A00409BF4 /* Build configuration list for PBXNativeTarget "IceTask" */;
			buildPhases = (
				C114990B2587DE5300409BF4 /* Sources */,
				C114990C2587DE5300409BF4 /* Frameworks */,
				C114990D2587DE5300409BF4 /* Resources */,
			);
			buildRules = (
			);
			dependencies = (
			);
			name = IceTask;
			productName = IceTask;
			productReference = C114990F2587DE5300409BF4 /* IceTask.app */;
			productType = "com.apple.product-type.application";
		};
/* End PBXNativeTarget section */

/* Begin PBXProject section */
		C11499072587DE5300409BF4 /* Project object */ = {
			isa = PBXProject;
			attributes = {
				LastSwiftUpdateCheck = 1160;
				LastUpgradeCheck = 1160;
				ORGANIZATIONNAME = Viktoria;
				TargetAttributes = {
					C114990E2587DE5300409BF4 = {
						CreatedOnToolsVersion = 11.6;
					};
				};
			};
			buildConfigurationList = C114990A2587DE5300409BF4 /* Build configuration list for PBXProject "IceTask" */;
			compatibilityVersion = "Xcode 9.3";
			developmentRegion = en;
			hasScannedForEncodings = 0;
			knownRegions = (
				en,
				Base,
			);
			mainGroup = C11499062587DE5300409BF4;
			productRefGroup = C11499102587DE5300409BF4 /* Products */;
			projectDirPath = "";
			projectRoot = "";
			targets = (
				C114990E2587DE5300409BF4 /* IceTask */,
			);
		};
/* End PBXProject section */

/* Begin PBXResourcesBuildPhase section */
		C114990D2587DE5300409BF4 /* Resources */ = {
			isa = PBXResourcesBuildPhase;
			buildActionMask = 2147483647;
			files = (
				C114991F2587DE5900409BF4 /* LaunchScreen.storyboard in Resources */,
				C114991C2587DE5900409BF4 /* Preview Assets.xcassets in Resources */,
				C11499192587DE5900409BF4 /* Assets.xcassets in Resources */,
			);
			runOnlyForDeploymentPostprocessing = 0;
		};
/* End PBXResourcesBuildPhase section */

/* Begin PBXSourcesBuildPhase section */
		C114990B2587DE5300409BF4 /* Sources */ = {
			isa = PBXSourcesBuildPhase;
			buildActionMask = 2147483647;
			files = (
				C170BA422587FE38003A44C6 /* RangeSlider.swift in Sources */,
				C11499132587DE5300409BF4 /* AppDelegate.swift in Sources */,
				C1BA14A22588BEF500B0A226 /* CircleWithLabel.swift in Sources */,
				C13EEF882588D96300362CD1 /* SliderSettings.swift in Sources */,
				C1BA14A42588C5EB00B0A226 /* SliderLine.swift in Sources */,
				C11499152587DE5300409BF4 /* SceneDelegate.swift in Sources */,
				C170BA4425880F72003A44C6 /* SliderCircle.swift in Sources */,
				C11499172587DE5300409BF4 /* FiltersView.swift in Sources */,
			);
			runOnlyForDeploymentPostprocessing = 0;
		};
/* End PBXSourcesBuildPhase section */

/* Begin PBXVariantGroup section */
		C114991D2587DE5900409BF4 /* LaunchScreen.storyboard */ = {
			isa = PBXVariantGroup;
			children = (
				C114991E2587DE5900409BF4 /* Base */,
			);
			name = LaunchScreen.storyboard;
			sourceTree = "<group>";
		};
/* End PBXVariantGroup section */

/* Begin XCBuildConfiguration section */
		C11499212587DE5A00409BF4 /* Debug */ = {
			isa = XCBuildConfiguration;
			buildSettings = {
				ALWAYS_SEARCH_USER_PATHS = NO;
				CLANG_ANALYZER_NONNULL = YES;
				CLANG_ANALYZER_NUMBER_OBJECT_CONVERSION = YES_AGGRESSIVE;
				CLANG_CXX_LANGUAGE_STANDARD = "gnu++14";
				CLANG_CXX_LIBRARY = "libc++";
				CLANG_ENABLE_MODULES = YES;
				CLANG_ENABLE_OBJC_ARC = YES;
				CLANG_ENABLE_OBJC_WEAK = YES;
				CLANG_WARN_BLOCK_CAPTURE_AUTORELEASING = YES;
				CLANG_WARN_BOOL_CONVERSION = YES;
				CLANG_WARN_COMMA = YES;
				CLANG_WARN_CONSTANT_CONVERSION = YES;
				CLANG_WARN_DEPRECATED_OBJC_IMPLEMENTATIONS = YES;
				CLANG_WARN_DIRECT_OBJC_ISA_USAGE = YES_ERROR;
				CLANG_WARN_DOCUMENTATION_COMMENTS = YES;
				CLANG_WARN_EMPTY_BODY = YES;
				CLANG_WARN_ENUM_CONVERSION = YES;
				CLANG_WARN_INFINITE_RECURSION = YES;
				CLANG_WARN_INT_CONVERSION = YES;
				CLANG_WARN_NON_LITERAL_NULL_CONVERSION = YES;
				CLANG_WARN_OBJC_IMPLICIT_RETAIN_SELF = YES;
				CLANG_WARN_OBJC_LITERAL_CONVERSION = YES;
				CLANG_WARN_OBJC_ROOT_CLASS = YES_ERROR;
				CLANG_WARN_RANGE_LOOP_ANALYSIS = YES;
				CLANG_WARN_STRICT_PROTOTYPES = YES;
				CLANG_WARN_SUSPICIOUS_MOVE = YES;
				CLANG_WARN_UNGUARDED_AVAILABILITY = YES_AGGRESSIVE;
				CLANG_WARN_UNREACHABLE_CODE = YES;
				CLANG_WARN__DUPLICATE_METHOD_MATCH = YES;
				COPY_PHASE_STRIP = NO;
				DEBUG_INFORMATION_FORMAT = dwarf;
				ENABLE_STRICT_OBJC_MSGSEND = YES;
				ENABLE_TESTABILITY = YES;
				GCC_C_LANGUAGE_STANDARD = gnu11;
				GCC_DYNAMIC_NO_PIC = NO;
				GCC_NO_COMMON_BLOCKS = YES;
				GCC_OPTIMIZATION_LEVEL = 0;
				GCC_PREPROCESSOR_DEFINITIONS = (
					"DEBUG=1",
					"$(inherited)",
				);
				GCC_WARN_64_TO_32_BIT_CONVERSION = YES;
				GCC_WARN_ABOUT_RETURN_TYPE = YES_ERROR;
				GCC_WARN_UNDECLARED_SELECTOR = YES;
				GCC_WARN_UNINITIALIZED_AUTOS = YES_AGGRESSIVE;
				GCC_WARN_UNUSED_FUNCTION = YES;
				GCC_WARN_UNUSED_VARIABLE = YES;
				IPHONEOS_DEPLOYMENT_TARGET = 13.6;
				MTL_ENABLE_DEBUG_INFO = INCLUDE_SOURCE;
				MTL_FAST_MATH = YES;
				ONLY_ACTIVE_ARCH = YES;
				SDKROOT = iphoneos;
				SWIFT_ACTIVE_COMPILATION_CONDITIONS = DEBUG;
				SWIFT_OPTIMIZATION_LEVEL = "-Onone";
			};
			name = Debug;
		};
		C11499222587DE5A00409BF4 /* Release */ = {
			isa = XCBuildConfiguration;
			buildSettings = {
				ALWAYS_SEARCH_USER_PATHS = NO;
				CLANG_ANALYZER_NONNULL = YES;
				CLANG_ANALYZER_NUMBER_OBJECT_CONVERSION = YES_AGGRESSIVE;
				CLANG_CXX_LANGUAGE_STANDARD = "gnu++14";
				CLANG_CXX_LIBRARY = "libc++";
				CLANG_ENABLE_MODULES = YES;
				CLANG_ENABLE_OBJC_ARC = YES;
				CLANG_ENABLE_OBJC_WEAK = YES;
				CLANG_WARN_BLOCK_CAPTURE_AUTORELEASING = YES;
				CLANG_WARN_BOOL_CONVERSION = YES;
				CLANG_WARN_COMMA = YES;
				CLANG_WARN_CONSTANT_CONVERSION = YES;
				CLANG_WARN_DEPRECATED_OBJC_IMPLEMENTATIONS = YES;
				CLANG_WARN_DIRECT_OBJC_ISA_USAGE = YES_ERROR;
				CLANG_WARN_DOCUMENTATION_COMMENTS = YES;
				CLANG_WARN_EMPTY_BODY = YES;
				CLANG_WARN_ENUM_CONVERSION = YES;
				CLANG_WARN_INFINITE_RECURSION = YES;
				CLANG_WARN_INT_CONVERSION = YES;
				CLANG_WARN_NON_LITERAL_NULL_CONVERSION = YES;
				CLANG_WARN_OBJC_IMPLICIT_RETAIN_SELF = YES;
				CLANG_WARN_OBJC_LITERAL_CONVERSION = YES;
				CLANG_WARN_OBJC_ROOT_CLASS = YES_ERROR;
				CLANG_WARN_RANGE_LOOP_ANALYSIS = YES;
				CLANG_WARN_STRICT_PROTOTYPES = YES;
				CLANG_WARN_SUSPICIOUS_MOVE = YES;
				CLANG_WARN_UNGUARDED_AVAILABILITY = YES_AGGRESSIVE;
				CLANG_WARN_UNREACHABLE_CODE = YES;
				CLANG_WARN__DUPLICATE_METHOD_MATCH = YES;
				COPY_PHASE_STRIP = NO;
				DEBUG_INFORMATION_FORMAT = "dwarf-with-dsym";
				ENABLE_NS_ASSERTIONS = NO;
				ENABLE_STRICT_OBJC_MSGSEND = YES;
				GCC_C_LANGUAGE_STANDARD = gnu11;
				GCC_NO_COMMON_BLOCKS = YES;
				GCC_WARN_64_TO_32_BIT_CONVERSION = YES;
				GCC_WARN_ABOUT_RETURN_TYPE = YES_ERROR;
				GCC_WARN_UNDECLARED_SELECTOR = YES;
				GCC_WARN_UNINITIALIZED_AUTOS = YES_AGGRESSIVE;
				GCC_WARN_UNUSED_FUNCTION = YES;
				GCC_WARN_UNUSED_VARIABLE = YES;
				IPHONEOS_DEPLOYMENT_TARGET = 13.6;
				MTL_ENABLE_DEBUG_INFO = NO;
				MTL_FAST_MATH = YES;
				SDKROOT = iphoneos;
				SWIFT_COMPILATION_MODE = wholemodule;
				SWIFT_OPTIMIZATION_LEVEL = "-O";
				VALIDATE_PRODUCT = YES;
			};
			name = Release;
		};
		C11499242587DE5A00409BF4 /* Debug */ = {
			isa = XCBuildConfiguration;
			buildSettings = {
				ASSETCATALOG_COMPILER_APPICON_NAME = AppIcon;
				CODE_SIGN_STYLE = Automatic;
				DEVELOPMENT_ASSET_PATHS = "\"IceTask/Preview Content\"";
				DEVELOPMENT_TEAM = 2XN82VQ59H;
				ENABLE_PREVIEWS = YES;
				INFOPLIST_FILE = IceTask/Info.plist;
				LD_RUNPATH_SEARCH_PATHS = (
					"$(inherited)",
					"@executable_path/Frameworks",
				);
				PRODUCT_BUNDLE_IDENTIFIER = Viktoria.IceTask;
				PRODUCT_NAME = "$(TARGET_NAME)";
				SWIFT_VERSION = 5.0;
				TARGETED_DEVICE_FAMILY = "1,2";
			};
			name = Debug;
		};
		C11499252587DE5A00409BF4 /* Release */ = {
			isa = XCBuildConfiguration;
			buildSettings = {
				ASSETCATALOG_COMPILER_APPICON_NAME = AppIcon;
				CODE_SIGN_STYLE = Automatic;
				DEVELOPMENT_ASSET_PATHS = "\"IceTask/Preview Content\"";
				DEVELOPMENT_TEAM = 2XN82VQ59H;
				ENABLE_PREVIEWS = YES;
				INFOPLIST_FILE = IceTask/Info.plist;
				LD_RUNPATH_SEARCH_PATHS = (
					"$(inherited)",
					"@executable_path/Frameworks",
				);
				PRODUCT_BUNDLE_IDENTIFIER = Viktoria.IceTask;
				PRODUCT_NAME = "$(TARGET_NAME)";
				SWIFT_VERSION = 5.0;
				TARGETED_DEVICE_FAMILY = "1,2";
			};
			name = Release;
		};
/* End XCBuildConfiguration section */

/* Begin XCConfigurationList section */
		C114990A2587DE5300409BF4 /* Build configuration list for PBXProject "IceTask" */ = {
			isa = XCConfigurationList;
			buildConfigurations = (
				C11499212587DE5A00409BF4 /* Debug */,
				C11499222587DE5A00409BF4 /* Release */,
			);
			defaultConfigurationIsVisible = 0;
			defaultConfigurationName = Release;
		};
		C11499232587DE5A00409BF4 /* Build configuration list for PBXNativeTarget "IceTask" */ = {
			isa = XCConfigurationList;
			buildConfigurations = (
				C11499242587DE5A00409BF4 /* Debug */,
				C11499252587DE5A00409BF4 /* Release */,
			);
			defaultConfigurationIsVisible = 0;
			defaultConfigurationName = Release;
		};
/* End XCConfigurationList section */
	};
	rootObject = C11499072587DE5300409BF4 /* Project object */;
}
